
Microsoft Visual Studio Solution File, Format Version 12.00
# Visual Studio 15
Project("{FAE04EC0-301F-11D3-BF4B-00C04F79EFBC}") = "Assembly-CSharp", "Assembly-CSharp.csproj", "{4D1F897C-8192-D436-B78C-F1E522631671}"
EndProject
Project("{FAE04EC0-301F-11D3-BF4B-00C04F79EFBC}") = "Assembly-CSharp-Editor", "Assembly-CSharp-Editor.csproj", "{8EA69F2C-467B-86BA-3801-770D7C421107}"
EndProject
Global
	GlobalSection(SolutionConfigurationPlatforms) = preSolution
		Debug|Any CPU = Debug|Any CPU
		Release|Any CPU = Release|Any CPU
	EndGlobalSection
	GlobalSection(ProjectConfigurationPlatforms) = postSolution
		{4D1F897C-8192-D436-B78C-F1E522631671}.Debug|Any CPU.ActiveCfg = Debug|Any CPU
		{4D1F897C-8192-D436-B78C-F1E522631671}.Debug|Any CPU.Build.0 = Debug|Any CPU
		{4D1F897C-8192-D436-B78C-F1E522631671}.Release|Any CPU.ActiveCfg = Release|Any CPU
		{4D1F897C-8192-D436-B78C-F1E522631671}.Release|Any CPU.Build.0 = Release|Any CPU
		{8EA69F2C-467B-86BA-3801-770D7C421107}.Debug|Any CPU.ActiveCfg = Debug|Any CPU
		{8EA69F2C-467B-86BA-3801-770D7C421107}.Debug|Any CPU.Build.0 = Debug|Any CPU
		{8EA69F2C-467B-86BA-3801-770D7C421107}.Release|Any CPU.ActiveCfg = Release|Any CPU
		{8EA69F2C-467B-86BA-3801-770D7C421107}.Release|Any CPU.Build.0 = Release|Any CPU
	EndGlobalSection
	GlobalSection(SolutionProperties) = preSolution
		HideSolutionNode = FALSE
	EndGlobalSection
EndGlobal
